
Microsoft Visual Studio Solution File, Format Version 12.00
# Visual Studio 15
VisualStudioVersion = 15.0.28307.1231
MinimumVisualStudioVersion = 10.0.40219.1
Project("{2150E333-8FDC-42A3-9474-1A3956D46DE8}") = "Class projects", "Class projects", "{7F621058-69B8-4F1F-A701-0B13C3C91D93}"
EndProject
Project("{FAE04EC0-301F-11D3-BF4B-00C04F79EFBC}") = "EntityFramework6Library", "EntityFramework6Library\EntityFramework6Library.csproj", "{CAA457A5-5A74-4248-8C11-29E0C64F5F2A}"
EndProject
Project("{2150E333-8FDC-42A3-9474-1A3956D46DE8}") = "Solution Items", "Solution Items", "{5A2760D7-510E-457A-8249-17412A107B49}"
	ProjectSection(SolutionItems) = preProject
		North2020Script.sql = North2020Script.sql
		readme.md = readme.md
	EndProjectSection
EndProject
Project("{2150E333-8FDC-42A3-9474-1A3956D46DE8}") = "Unit test projects", "Unit test projects", "{B8D99613-278C-43CD-A684-EBFA207090E4}"
EndProject
Project("{FAE04EC0-301F-11D3-BF4B-00C04F79EFBC}") = "EntityFramework6Test", "EntityFramework6Test\EntityFramework6Test.csproj", "{1C330CE6-99DD-4D96-9F52-2B6C8FF1DB9E}"
EndProject
Project("{FAE04EC0-301F-11D3-BF4B-00C04F79EFBC}") = "EntityFrameworkCoreLibrary", "EntityFrameworkCoreLibrary\EntityFrameworkCoreLibrary.csproj", "{121E1A16-D2E5-48E2-AC28-1EA39E4F0FE7}"
EndProject
Project("{FAE04EC0-301F-11D3-BF4B-00C04F79EFBC}") = "EntityFrameworkCoreTest", "EntityFrameworkCoreTest\EntityFrameworkCoreTest.csproj", "{9EFCC3FC-D110-4493-928B-CAEAE73EBAA4}"
EndProject
Project("{F184B08F-C81C-45F6-A57F-5ABD9991F28F}") = "EntityFrameworkCoreLibrary_visualBasic", "EntityFrameworkCoreLibrary_vb\EntityFrameworkCoreLibrary_visualBasic.vbproj", "{298E7DB2-412B-42DC-A545-15F4B20C5549}"
EndProject
Project("{F184B08F-C81C-45F6-A57F-5ABD9991F28F}") = "EntityFrameworkCoreTest_visualBasic", "EntityFrameworkCoreTest_visualBasic\EntityFrameworkCoreTest_visualBasic.vbproj", "{927B46D9-4504-4E0A-B2A9-5E33820AAAAF}"
EndProject
Global
	GlobalSection(SolutionConfigurationPlatforms) = preSolution
		Debug|Any CPU = Debug|Any CPU
		Release|Any CPU = Release|Any CPU
	EndGlobalSection
	GlobalSection(ProjectConfigurationPlatforms) = postSolution
		{CAA457A5-5A74-4248-8C11-29E0C64F5F2A}.Debug|Any CPU.ActiveCfg = Debug|Any CPU
		{CAA457A5-5A74-4248-8C11-29E0C64F5F2A}.Debug|Any CPU.Build.0 = Debug|Any CPU
		{CAA457A5-5A74-4248-8C11-29E0C64F5F2A}.Release|Any CPU.ActiveCfg = Release|Any CPU
		{CAA457A5-5A74-4248-8C11-29E0C64F5F2A}.Release|Any CPU.Build.0 = Release|Any CPU
		{1C330CE6-99DD-4D96-9F52-2B6C8FF1DB9E}.Debug|Any CPU.ActiveCfg = Debug|Any CPU
		{1C330CE6-99DD-4D96-9F52-2B6C8FF1DB9E}.Debug|Any CPU.Build.0 = Debug|Any CPU
		{1C330CE6-99DD-4D96-9F52-2B6C8FF1DB9E}.Release|Any CPU.ActiveCfg = Release|Any CPU
		{1C330CE6-99DD-4D96-9F52-2B6C8FF1DB9E}.Release|Any CPU.Build.0 = Release|Any CPU
		{121E1A16-D2E5-48E2-AC28-1EA39E4F0FE7}.Debug|Any CPU.ActiveCfg = Debug|Any CPU
		{121E1A16-D2E5-48E2-AC28-1EA39E4F0FE7}.Debug|Any CPU.Build.0 = Debug|Any CPU
		{121E1A16-D2E5-48E2-AC28-1EA39E4F0FE7}.Release|Any CPU.ActiveCfg = Release|Any CPU
		{121E1A16-D2E5-48E2-AC28-1EA39E4F0FE7}.Release|Any CPU.Build.0 = Release|Any CPU
		{9EFCC3FC-D110-4493-928B-CAEAE73EBAA4}.Debug|Any CPU.ActiveCfg = Debug|Any CPU
		{9EFCC3FC-D110-4493-928B-CAEAE73EBAA4}.Debug|Any CPU.Build.0 = Debug|Any CPU
		{9EFCC3FC-D110-4493-928B-CAEAE73EBAA4}.Release|Any CPU.ActiveCfg = Release|Any CPU
		{9EFCC3FC-D110-4493-928B-CAEAE73EBAA4}.Release|Any CPU.Build.0 = Release|Any CPU
		{298E7DB2-412B-42DC-A545-15F4B20C5549}.Debug|Any CPU.ActiveCfg = Debug|Any CPU
		{298E7DB2-412B-42DC-A545-15F4B20C5549}.Debug|Any CPU.Build.0 = Debug|Any CPU
		{298E7DB2-412B-42DC-A545-15F4B20C5549}.Release|Any CPU.ActiveCfg = Release|Any CPU
		{298E7DB2-412B-42DC-A545-15F4B20C5549}.Release|Any CPU.Build.0 = Release|Any CPU
		{927B46D9-4504-4E0A-B2A9-5E33820AAAAF}.Debug|Any CPU.ActiveCfg = Debug|Any CPU
		{927B46D9-4504-4E0A-B2A9-5E33820AAAAF}.Debug|Any CPU.Build.0 = Debug|Any CPU
		{927B46D9-4504-4E0A-B2A9-5E33820AAAAF}.Release|Any CPU.ActiveCfg = Release|Any CPU
		{927B46D9-4504-4E0A-B2A9-5E33820AAAAF}.Release|Any CPU.Build.0 = Release|Any CPU
	EndGlobalSection
	GlobalSection(SolutionProperties) = preSolution
		HideSolutionNode = FALSE
	EndGlobalSection
	GlobalSection(NestedProjects) = preSolution
		{CAA457A5-5A74-4248-8C11-29E0C64F5F2A} = {7F621058-69B8-4F1F-A701-0B13C3C91D93}
		{1C330CE6-99DD-4D96-9F52-2B6C8FF1DB9E} = {B8D99613-278C-43CD-A684-EBFA207090E4}
		{121E1A16-D2E5-48E2-AC28-1EA39E4F0FE7} = {7F621058-69B8-4F1F-A701-0B13C3C91D93}
		{9EFCC3FC-D110-4493-928B-CAEAE73EBAA4} = {B8D99613-278C-43CD-A684-EBFA207090E4}
		{298E7DB2-412B-42DC-A545-15F4B20C5549} = {7F621058-69B8-4F1F-A701-0B13C3C91D93}
		{927B46D9-4504-4E0A-B2A9-5E33820AAAAF} = {B8D99613-278C-43CD-A684-EBFA207090E4}
	EndGlobalSection
	GlobalSection(ExtensibilityGlobals) = postSolution
		SolutionGuid = {66F36F1A-7D84-43CF-AB3F-2D9EC040B2BB}
	EndGlobalSection
EndGlobal
